PODS:
  - Flutter (1.0.0)
  - UMAPM (1.1.1)
  - UMCCommon (7.2.5):
    - UMAPM
    - UMDevice
  - UMCCommonLog (2.0.0)
  - UMDevice (1.1.0)
  - ysumeng (0.0.1):
    - Flutter
    - UMCCommon
    - UMCCommonLog

DEPENDENCIES:
  - Flutter (from `Flutter`)
  - ysumeng (from `.symlinks/plugins/ysumeng/ios`)

SPEC REPOS:
  trunk:
    - UMAPM
    - UMCCommon
    - UMCCommonLog
    - UMDevice

EXTERNAL SOURCES:
  Flutter:
    :path: Flutter
  ysumeng:
    :path: ".symlinks/plugins/ysumeng/ios"

SPEC CHECKSUMS:
  Flutter: 0e3d915762c693b495b44d77113d4970485de6ec
  UMAPM: d0623e0b3ca8b1a1df855e0bddb91b5c002d097d
  UMCCommon: f7480d316381612f90cdde3a3c0f39a7e2c0a788
  UMCCommonLog: 9b7ddde5d14a52fc1986ba5ac3121b8b2f433638
  UMDevice: 28d21a568c8e8322e5a03bbd53b138d0c098d3b3
  ysumeng: 7cb926c1330fd7da40cd5e268a16f61ab47b441d

PODFILE CHECKSUM: 8e679eca47255a8ca8067c4c67aab20e64cb974d

COCOAPODS: 1.10.0
